
Microsoft Visual Studio Solution File, Format Version 12.00
# Visual Studio Version 16
VisualStudioVersion = 16.0.31025.194
MinimumVisualStudioVersion = 10.0.40219.1
Project("{9A19103F-16F7-4668-BE54-9A1E7A4F7556}") = "TypesAndVariables", "TypesAndVariables\TypesAndVariables.csproj", "{F7E7A347-722B-4CFD-B33F-C795DB906236}"
EndProject
Project("{FAE04EC0-301F-11D3-BF4B-00C04F79EFBC}") = "Conditional", "Conditional\Conditional.csproj", "{6AC678A6-20A7-4A54-94B0-B960000C5798}"
EndProject
Global
	GlobalSection(SolutionConfigurationPlatforms) = preSolution
		Debug|Any CPU = Debug|Any CPU
		Release|Any CPU = Release|Any CPU
	EndGlobalSection
	GlobalSection(ProjectConfigurationPlatforms) = postSolution
		{F7E7A347-722B-4CFD-B33F-C795DB906236}.Debug|Any CPU.ActiveCfg = Debug|Any CPU
		{F7E7A347-722B-4CFD-B33F-C795DB906236}.Debug|Any CPU.Build.0 = Debug|Any CPU
		{F7E7A347-722B-4CFD-B33F-C795DB906236}.Release|Any CPU.ActiveCfg = Release|Any CPU
		{F7E7A347-722B-4CFD-B33F-C795DB906236}.Release|Any CPU.Build.0 = Release|Any CPU
		{6AC678A6-20A7-4A54-94B0-B960000C5798}.Debug|Any CPU.ActiveCfg = Debug|Any CPU
		{6AC678A6-20A7-4A54-94B0-B960000C5798}.Debug|Any CPU.Build.0 = Debug|Any CPU
		{6AC678A6-20A7-4A54-94B0-B960000C5798}.Release|Any CPU.ActiveCfg = Release|Any CPU
		{6AC678A6-20A7-4A54-94B0-B960000C5798}.Release|Any CPU.Build.0 = Release|Any CPU
	EndGlobalSection
	GlobalSection(SolutionProperties) = preSolution
		HideSolutionNode = FALSE
	EndGlobalSection
	GlobalSection(ExtensibilityGlobals) = postSolution
		SolutionGuid = {7F964352-7DBA-47DC-B504-8BAF8F52B369}
	EndGlobalSection
EndGlobal
