
Microsoft Visual Studio Solution File, Format Version 12.00
# Visual Studio Version 16
VisualStudioVersion = 16.0.31025.194
MinimumVisualStudioVersion = 10.0.40219.1
Project("{9A19103F-16F7-4668-BE54-9A1E7A4F7556}") = "TypesAndVariables", "TypesAndVariables\TypesAndVariables.csproj", "{F7E7A347-722B-4CFD-B33F-C795DB906236}"
EndProject
Project("{9A19103F-16F7-4668-BE54-9A1E7A4F7556}") = "Conditional", "Conditional\Conditional.csproj", "{6AC678A6-20A7-4A54-94B0-B960000C5798}"
EndProject
Project("{9A19103F-16F7-4668-BE54-9A1E7A4F7556}") = "Methods", "Methods\Methods.csproj", "{69722063-376C-4B3E-AB55-0EA3D1ADEDA4}"
EndProject
Project("{9A19103F-16F7-4668-BE54-9A1E7A4F7556}") = "Arrays", "Arrays\Arrays.csproj", "{0F0E1AA2-54BF-49D2-9321-1E65F5996762}"
EndProject
Project("{9A19103F-16F7-4668-BE54-9A1E7A4F7556}") = "Loops", "Loops\Loops.csproj", "{B0592E32-4D7E-482A-BC1D-E4B6F8C8766E}"
EndProject
Project("{9A19103F-16F7-4668-BE54-9A1E7A4F7556}") = "Strings", "Strings\Strings.csproj", "{F5F76FD3-39C8-4904-8BDE-331CF140026E}"
EndProject
Project("{9A19103F-16F7-4668-BE54-9A1E7A4F7556}") = "ReCapDemoPrimeNumber", "ReCapDemoPrimeNumber\ReCapDemoPrimeNumber.csproj", "{0E2001CF-6DAB-47E6-AC7E-C45C8A31C780}"
EndProject
Project("{FAE04EC0-301F-11D3-BF4B-00C04F79EFBC}") = "Classes", "Classes\Classes.csproj", "{0589384F-755F-442B-AA14-596F3D34639F}"
EndProject
Global
	GlobalSection(SolutionConfigurationPlatforms) = preSolution
		Debug|Any CPU = Debug|Any CPU
		Release|Any CPU = Release|Any CPU
	EndGlobalSection
	GlobalSection(ProjectConfigurationPlatforms) = postSolution
		{F7E7A347-722B-4CFD-B33F-C795DB906236}.Debug|Any CPU.ActiveCfg = Debug|Any CPU
		{F7E7A347-722B-4CFD-B33F-C795DB906236}.Debug|Any CPU.Build.0 = Debug|Any CPU
		{F7E7A347-722B-4CFD-B33F-C795DB906236}.Release|Any CPU.ActiveCfg = Release|Any CPU
		{F7E7A347-722B-4CFD-B33F-C795DB906236}.Release|Any CPU.Build.0 = Release|Any CPU
		{6AC678A6-20A7-4A54-94B0-B960000C5798}.Debug|Any CPU.ActiveCfg = Debug|Any CPU
		{6AC678A6-20A7-4A54-94B0-B960000C5798}.Debug|Any CPU.Build.0 = Debug|Any CPU
		{6AC678A6-20A7-4A54-94B0-B960000C5798}.Release|Any CPU.ActiveCfg = Release|Any CPU
		{6AC678A6-20A7-4A54-94B0-B960000C5798}.Release|Any CPU.Build.0 = Release|Any CPU
		{69722063-376C-4B3E-AB55-0EA3D1ADEDA4}.Debug|Any CPU.ActiveCfg = Debug|Any CPU
		{69722063-376C-4B3E-AB55-0EA3D1ADEDA4}.Debug|Any CPU.Build.0 = Debug|Any CPU
		{69722063-376C-4B3E-AB55-0EA3D1ADEDA4}.Release|Any CPU.ActiveCfg = Release|Any CPU
		{69722063-376C-4B3E-AB55-0EA3D1ADEDA4}.Release|Any CPU.Build.0 = Release|Any CPU
		{0F0E1AA2-54BF-49D2-9321-1E65F5996762}.Debug|Any CPU.ActiveCfg = Debug|Any CPU
		{0F0E1AA2-54BF-49D2-9321-1E65F5996762}.Debug|Any CPU.Build.0 = Debug|Any CPU
		{0F0E1AA2-54BF-49D2-9321-1E65F5996762}.Release|Any CPU.ActiveCfg = Release|Any CPU
		{0F0E1AA2-54BF-49D2-9321-1E65F5996762}.Release|Any CPU.Build.0 = Release|Any CPU
		{B0592E32-4D7E-482A-BC1D-E4B6F8C8766E}.Debug|Any CPU.ActiveCfg = Debug|Any CPU
		{B0592E32-4D7E-482A-BC1D-E4B6F8C8766E}.Debug|Any CPU.Build.0 = Debug|Any CPU
		{B0592E32-4D7E-482A-BC1D-E4B6F8C8766E}.Release|Any CPU.ActiveCfg = Release|Any CPU
		{B0592E32-4D7E-482A-BC1D-E4B6F8C8766E}.Release|Any CPU.Build.0 = Release|Any CPU
		{F5F76FD3-39C8-4904-8BDE-331CF140026E}.Debug|Any CPU.ActiveCfg = Debug|Any CPU
		{F5F76FD3-39C8-4904-8BDE-331CF140026E}.Debug|Any CPU.Build.0 = Debug|Any CPU
		{F5F76FD3-39C8-4904-8BDE-331CF140026E}.Release|Any CPU.ActiveCfg = Release|Any CPU
		{F5F76FD3-39C8-4904-8BDE-331CF140026E}.Release|Any CPU.Build.0 = Release|Any CPU
		{0E2001CF-6DAB-47E6-AC7E-C45C8A31C780}.Debug|Any CPU.ActiveCfg = Debug|Any CPU
		{0E2001CF-6DAB-47E6-AC7E-C45C8A31C780}.Debug|Any CPU.Build.0 = Debug|Any CPU
		{0E2001CF-6DAB-47E6-AC7E-C45C8A31C780}.Release|Any CPU.ActiveCfg = Release|Any CPU
		{0E2001CF-6DAB-47E6-AC7E-C45C8A31C780}.Release|Any CPU.Build.0 = Release|Any CPU
		{0589384F-755F-442B-AA14-596F3D34639F}.Debug|Any CPU.ActiveCfg = Debug|Any CPU
		{0589384F-755F-442B-AA14-596F3D34639F}.Debug|Any CPU.Build.0 = Debug|Any CPU
		{0589384F-755F-442B-AA14-596F3D34639F}.Release|Any CPU.ActiveCfg = Release|Any CPU
		{0589384F-755F-442B-AA14-596F3D34639F}.Release|Any CPU.Build.0 = Release|Any CPU
	EndGlobalSection
	GlobalSection(SolutionProperties) = preSolution
		HideSolutionNode = FALSE
	EndGlobalSection
	GlobalSection(ExtensibilityGlobals) = postSolution
		SolutionGuid = {7F964352-7DBA-47DC-B504-8BAF8F52B369}
	EndGlobalSection
EndGlobal
